
Microsoft Visual Studio Solution File, Format Version 12.00
# Visual Studio 2012
Project("{FAE04EC0-301F-11D3-BF4B-00C04F79EFBC}") = "Bank", "Bank\Bank.csproj", "{DF3BCFDC-D366-4DA7-87F6-F7C816482261}"
EndProject
Project("{FAE04EC0-301F-11D3-BF4B-00C04F79EFBC}") = "BankTest", "BankTest\BankTest.csproj", "{1B60BC57-B647-474A-A54E-8397524F3A92}"
EndProject
Global
	GlobalSection(SolutionConfigurationPlatforms) = preSolution
		Debug|Any CPU = Debug|Any CPU
		Release|Any CPU = Release|Any CPU
	EndGlobalSection
	GlobalSection(ProjectConfigurationPlatforms) = postSolution
		{DF3BCFDC-D366-4DA7-87F6-F7C816482261}.Debug|Any CPU.ActiveCfg = Debug|Any CPU
		{DF3BCFDC-D366-4DA7-87F6-F7C816482261}.Debug|Any CPU.Build.0 = Debug|Any CPU
		{DF3BCFDC-D366-4DA7-87F6-F7C816482261}.Release|Any CPU.ActiveCfg = Release|Any CPU
		{DF3BCFDC-D366-4DA7-87F6-F7C816482261}.Release|Any CPU.Build.0 = Release|Any CPU
		{1B60BC57-B647-474A-A54E-8397524F3A92}.Debug|Any CPU.ActiveCfg = Debug|Any CPU
		{1B60BC57-B647-474A-A54E-8397524F3A92}.Debug|Any CPU.Build.0 = Debug|Any CPU
		{1B60BC57-B647-474A-A54E-8397524F3A92}.Release|Any CPU.ActiveCfg = Release|Any CPU
		{1B60BC57-B647-474A-A54E-8397524F3A92}.Release|Any CPU.Build.0 = Release|Any CPU
	EndGlobalSection
	GlobalSection(SolutionProperties) = preSolution
		HideSolutionNode = FALSE
	EndGlobalSection
EndGlobal
